
Microsoft Visual Studio Solution File, Format Version 12.00
# Visual Studio Version 17
VisualStudioVersion = 17.14.37012.4 d17.14
MinimumVisualStudioVersion = 10.0.40219.1
Project("{FAE04EC0-301F-11D3-BF4B-00C04F79EFBC}") = "PostmanCloneLibrary", "PostmanCloneLibrary\PostmanCloneLibrary.csproj", "{0531E25F-958F-4E18-85E9-C0FB44E02908}"
EndProject
Project("{FAE04EC0-301F-11D3-BF4B-00C04F79EFBC}") = "PostmanCloneUI", "PostmanCloneUI\PostmanCloneUI.csproj", "{7B1FBF39-8BD8-4186-84B7-8155192A7006}"
EndProject
Global
	GlobalSection(SolutionConfigurationPlatforms) = preSolution
		Debug|Any CPU = Debug|Any CPU
		Release|Any CPU = Release|Any CPU
	EndGlobalSection
	GlobalSection(ProjectConfigurationPlatforms) = postSolution
		{0531E25F-958F-4E18-85E9-C0FB44E02908}.Debug|Any CPU.ActiveCfg = Debug|Any CPU
		{0531E25F-958F-4E18-85E9-C0FB44E02908}.Debug|Any CPU.Build.0 = Debug|Any CPU
		{0531E25F-958F-4E18-85E9-C0FB44E02908}.Release|Any CPU.ActiveCfg = Release|Any CPU
		{0531E25F-958F-4E18-85E9-C0FB44E02908}.Release|Any CPU.Build.0 = Release|Any CPU
		{7B1FBF39-8BD8-4186-84B7-8155192A7006}.Debug|Any CPU.ActiveCfg = Debug|Any CPU
		{7B1FBF39-8BD8-4186-84B7-8155192A7006}.Debug|Any CPU.Build.0 = Debug|Any CPU
		{7B1FBF39-8BD8-4186-84B7-8155192A7006}.Release|Any CPU.ActiveCfg = Release|Any CPU
		{7B1FBF39-8BD8-4186-84B7-8155192A7006}.Release|Any CPU.Build.0 = Release|Any CPU
	EndGlobalSection
	GlobalSection(SolutionProperties) = preSolution
		HideSolutionNode = FALSE
	EndGlobalSection
	GlobalSection(ExtensibilityGlobals) = postSolution
		SolutionGuid = {EE5C4C96-4162-469C-B2EB-717F9448EA5E}
	EndGlobalSection
EndGlobal
